
Microsoft Visual Studio Solution File, Format Version 12.00
# Visual Studio Version 17
VisualStudioVersion = 17.11.35219.272
MinimumVisualStudioVersion = 10.0.40219.1
Project("{9A19103F-16F7-4668-BE54-9A1E7A4F7556}") = "Solnet.Raydium", "Solnet.Raydium.csproj", "{AACE6061-3A9D-4521-A2EC-89C80EC5438D}"
EndProject
Global
	GlobalSection(SolutionConfigurationPlatforms) = preSolution
		Debug|Any CPU = Debug|Any CPU
		Release|Any CPU = Release|Any CPU
	EndGlobalSection
	GlobalSection(ProjectConfigurationPlatforms) = postSolution
		{AACE6061-3A9D-4521-A2EC-89C80EC5438D}.Debug|Any CPU.ActiveCfg = Debug|Any CPU
		{AACE6061-3A9D-4521-A2EC-89C80EC5438D}.Debug|Any CPU.Build.0 = Debug|Any CPU
		{AACE6061-3A9D-4521-A2EC-89C80EC5438D}.Release|Any CPU.ActiveCfg = Release|Any CPU
		{AACE6061-3A9D-4521-A2EC-89C80EC5438D}.Release|Any CPU.Build.0 = Release|Any CPU
	EndGlobalSection
	GlobalSection(SolutionProperties) = preSolution
		HideSolutionNode = FALSE
	EndGlobalSection
	GlobalSection(ExtensibilityGlobals) = postSolution
		SolutionGuid = {B5DE53BD-FFE2-46A3-A368-4C09CCF1C825}
	EndGlobalSection
EndGlobal
